// !$*UTF8*$!
{
	archiveVersion = 1;
	classes = {
	};
	objectVersion = 55;
	objects = {

/* Begin PBXBuildFile section */
		81A0B85B28F28261006E831D /* FavoriteButton.swift in Sources */ = {isa = PBXBuildFile; fileRef = 81A0B85A28F28261006E831D /* FavoriteButton.swift */; };
		81A0B85F28F28646006E831D /* HexagonParameters.swift in Sources */ = {isa = PBXBuildFile; fileRef = 81A0B85E28F28646006E831D /* HexagonParameters.swift */; };
		81A0B86128F2874D006E831D /* BadgeBackground.swift in Sources */ = {isa = PBXBuildFile; fileRef = 81A0B86028F2874D006E831D /* BadgeBackground.swift */; };
		81A0B86328F28F67006E831D /* BadgeSymbol.swift in Sources */ = {isa = PBXBuildFile; fileRef = 81A0B86228F28F67006E831D /* BadgeSymbol.swift */; };
		81A0B86528F2900F006E831D /* RotatedBadgeSymbol.swift in Sources */ = {isa = PBXBuildFile; fileRef = 81A0B86428F2900F006E831D /* RotatedBadgeSymbol.swift */; };
		81A0B86728F2907C006E831D /* Badge.swift in Sources */ = {isa = PBXBuildFile; fileRef = 81A0B86628F2907C006E831D /* Badge.swift */; };
		81C7B89E28EE659B00DA4E19 /* LandmarksApp.swift in Sources */ = {isa = PBXBuildFile; fileRef = 81C7B89D28EE659B00DA4E19 /* LandmarksApp.swift */; };
		81C7B8A028EE659B00DA4E19 /* ContentView.swift in Sources */ = {isa = PBXBuildFile; fileRef = 81C7B89F28EE659B00DA4E19 /* ContentView.swift */; };
		81C7B8A228EE659C00DA4E19 /* Assets.xcassets in Resources */ = {isa = PBXBuildFile; fileRef = 81C7B8A128EE659C00DA4E19 /* Assets.xcassets */; };
		81C7B8A528EE659C00DA4E19 /* Preview Assets.xcassets in Resources */ = {isa = PBXBuildFile; fileRef = 81C7B8A428EE659C00DA4E19 /* Preview Assets.xcassets */; };
		81C7B8AF28EE659C00DA4E19 /* LandmarksTests.swift in Sources */ = {isa = PBXBuildFile; fileRef = 81C7B8AE28EE659C00DA4E19 /* LandmarksTests.swift */; };
		81C7B8B928EE659C00DA4E19 /* LandmarksUITests.swift in Sources */ = {isa = PBXBuildFile; fileRef = 81C7B8B828EE659C00DA4E19 /* LandmarksUITests.swift */; };
		81C7B8BB28EE659C00DA4E19 /* LandmarksUITestsLaunchTests.swift in Sources */ = {isa = PBXBuildFile; fileRef = 81C7B8BA28EE659C00DA4E19 /* LandmarksUITestsLaunchTests.swift */; };
		81C7B8C828F1F57500DA4E19 /* CircleImage.swift in Sources */ = {isa = PBXBuildFile; fileRef = 81C7B8C728F1F57500DA4E19 /* CircleImage.swift */; };
		81C7B8CA28F1F6E300DA4E19 /* MapView.swift in Sources */ = {isa = PBXBuildFile; fileRef = 81C7B8C928F1F6E300DA4E19 /* MapView.swift */; };
		81EBF8BD28F1FE3300282402 /* landmarkData.json in Resources */ = {isa = PBXBuildFile; fileRef = 81EBF8BC28F1FE3300282402 /* landmarkData.json */; };
		81EBF8BF28F1FE4F00282402 /* Landmark.swift in Sources */ = {isa = PBXBuildFile; fileRef = 81EBF8BE28F1FE4F00282402 /* Landmark.swift */; };
		81EBF8C528F201E700282402 /* ModelData.swift in Sources */ = {isa = PBXBuildFile; fileRef = 81EBF8C428F201E700282402 /* ModelData.swift */; };
		81EBF8CA28F2087900282402 /* LandmarkRow.swift in Sources */ = {isa = PBXBuildFile; fileRef = 81EBF8C928F2087900282402 /* LandmarkRow.swift */; };
		81EBF8CC28F26D2700282402 /* LandmarkList.swift in Sources */ = {isa = PBXBuildFile; fileRef = 81EBF8CB28F26D2700282402 /* LandmarkList.swift */; };
		81EBF8CE28F26E4200282402 /* LandmarkDetail.swift in Sources */ = {isa = PBXBuildFile; fileRef = 81EBF8CD28F26E4200282402 /* LandmarkDetail.swift */; };
/* End PBXBuildFile section */

/* Begin PBXContainerItemProxy section */
		81C7B8AB28EE659C00DA4E19 /* PBXContainerItemProxy */ = {
			isa = PBXContainerItemProxy;
			containerPortal = 81C7B89228EE659B00DA4E19 /* Project object */;
			proxyType = 1;
			remoteGlobalIDString = 81C7B89928EE659B00DA4E19;
			remoteInfo = Landmarks;
		};
		81C7B8B528EE659C00DA4E19 /* PBXContainerItemProxy */ = {
			isa = PBXContainerItemProxy;
			containerPortal = 81C7B89228EE659B00DA4E19 /* Project object */;
			proxyType = 1;
			remoteGlobalIDString = 81C7B89928EE659B00DA4E19;
			remoteInfo = Landmarks;
		};
/* End PBXContainerItemProxy section */

/* Begin PBXFileReference section */
		81A0B85A28F28261006E831D /* FavoriteButton.swift */ = {isa = PBXFileReference; lastKnownFileType = sourcecode.swift; path = FavoriteButton.swift; sourceTree = "<group>"; };
		81A0B85E28F28646006E831D /* HexagonParameters.swift */ = {isa = PBXFileReference; lastKnownFileType = sourcecode.swift; path = HexagonParameters.swift; sourceTree = "<group>"; };
		81A0B86028F2874D006E831D /* BadgeBackground.swift */ = {isa = PBXFileReference; lastKnownFileType = sourcecode.swift; path = BadgeBackground.swift; sourceTree = "<group>"; };
		81A0B86228F28F67006E831D /* BadgeSymbol.swift */ = {isa = PBXFileReference; lastKnownFileType = sourcecode.swift; path = BadgeSymbol.swift; sourceTree = "<group>"; };
		81A0B86428F2900F006E831D /* RotatedBadgeSymbol.swift */ = {isa = PBXFileReference; lastKnownFileType = sourcecode.swift; path = RotatedBadgeSymbol.swift; sourceTree = "<group>"; };
		81A0B86628F2907C006E831D /* Badge.swift */ = {isa = PBXFileReference; lastKnownFileType = sourcecode.swift; path = Badge.swift; sourceTree = "<group>"; };
		81C7B89A28EE659B00DA4E19 /* Landmarks.app */ = {isa = PBXFileReference; explicitFileType = wrapper.application; includeInIndex = 0; path = Landmarks.app; sourceTree = BUILT_PRODUCTS_DIR; };
		81C7B89D28EE659B00DA4E19 /* LandmarksApp.swift */ = {isa = PBXFileReference; lastKnownFileType = sourcecode.swift; path = LandmarksApp.swift; sourceTree = "<group>"; };
		81C7B89F28EE659B00DA4E19 /* ContentView.swift */ = {isa = PBXFileReference; lastKnownFileType = sourcecode.swift; path = ContentView.swift; sourceTree = "<group>"; };
		81C7B8A128EE659C00DA4E19 /* Assets.xcassets */ = {isa = PBXFileReference; lastKnownFileType = folder.assetcatalog; path = Assets.xcassets; sourceTree = "<group>"; };
		81C7B8A428EE659C00DA4E19 /* Preview Assets.xcassets */ = {isa = PBXFileReference; lastKnownFileType = folder.assetcatalog; path = "Preview Assets.xcassets"; sourceTree = "<group>"; };
		81C7B8AA28EE659C00DA4E19 /* LandmarksTests.xctest */ = {isa = PBXFileReference; explicitFileType = wrapper.cfbundle; includeInIndex = 0; path = LandmarksTests.xctest; sourceTree = BUILT_PRODUCTS_DIR; };
		81C7B8AE28EE659C00DA4E19 /* LandmarksTests.swift */ = {isa = PBXFileReference; lastKnownFileType = sourcecode.swift; path = LandmarksTests.swift; sourceTree = "<group>"; };
		81C7B8B428EE659C00DA4E19 /* LandmarksUITests.xctest */ = {isa = PBXFileReference; explicitFileType = wrapper.cfbundle; includeInIndex = 0; path = LandmarksUITests.xctest; sourceTree = BUILT_PRODUCTS_DIR; };
		81C7B8B828EE659C00DA4E19 /* LandmarksUITests.swift */ = {isa = PBXFileReference; lastKnownFileType = sourcecode.swift; path = LandmarksUITests.swift; sourceTree = "<group>"; };
		81C7B8BA28EE659C00DA4E19 /* LandmarksUITestsLaunchTests.swift */ = {isa = PBXFileReference; lastKnownFileType = sourcecode.swift; path = LandmarksUITestsLaunchTests.swift; sourceTree = "<group>"; };
		81C7B8C728F1F57500DA4E19 /* CircleImage.swift */ = {isa = PBXFileReference; lastKnownFileType = sourcecode.swift; path = CircleImage.swift; sourceTree = "<group>"; };
		81C7B8C928F1F6E300DA4E19 /* MapView.swift */ = {isa = PBXFileReference; lastKnownFileType = sourcecode.swift; path = MapView.swift; sourceTree = "<group>"; };
		81EBF8BC28F1FE3300282402 /* landmarkData.json */ = {isa = PBXFileReference; lastKnownFileType = text.json; path = landmarkData.json; sourceTree = "<group>"; };
		81EBF8BE28F1FE4F00282402 /* Landmark.swift */ = {isa = PBXFileReference; lastKnownFileType = sourcecode.swift; path = Landmark.swift; sourceTree = "<group>"; };
		81EBF8C428F201E700282402 /* ModelData.swift */ = {isa = PBXFileReference; lastKnownFileType = sourcecode.swift; path = ModelData.swift; sourceTree = "<group>"; };
		81EBF8C928F2087900282402 /* LandmarkRow.swift */ = {isa = PBXFileReference; lastKnownFileType = sourcecode.swift; path = LandmarkRow.swift; sourceTree = "<group>"; };
		81EBF8CB28F26D2700282402 /* LandmarkList.swift */ = {isa = PBXFileReference; lastKnownFileType = sourcecode.swift; path = LandmarkList.swift; sourceTree = "<group>"; };
		81EBF8CD28F26E4200282402 /* LandmarkDetail.swift */ = {isa = PBXFileReference; lastKnownFileType = sourcecode.swift; path = LandmarkDetail.swift; sourceTree = "<group>"; };
/* End PBXFileReference section */

/* Begin PBXFrameworksBuildPhase section */
		81C7B89728EE659B00DA4E19 /* Frameworks */ = {
			isa = PBXFrameworksBuildPhase;
			buildActionMask = 2147483647;
			files = (
			);
			runOnlyForDeploymentPostprocessing = 0;
		};
		81C7B8A728EE659C00DA4E19 /* Frameworks */ = {
			isa = PBXFrameworksBuildPhase;
			buildActionMask = 2147483647;
			files = (
			);
			runOnlyForDeploymentPostprocessing = 0;
		};
		81C7B8B128EE659C00DA4E19 /* Frameworks */ = {
			isa = PBXFrameworksBuildPhase;
			buildActionMask = 2147483647;
			files = (
			);
			runOnlyForDeploymentPostprocessing = 0;
		};
/* End PBXFrameworksBuildPhase section */

/* Begin PBXGroup section */
		81A0B85C28F2835B006E831D /* Helpers */ = {
			isa = PBXGroup;
			children = (
				81C7B8C728F1F57500DA4E19 /* CircleImage.swift */,
				81C7B8C928F1F6E300DA4E19 /* MapView.swift */,
				81A0B85A28F28261006E831D /* FavoriteButton.swift */,
			);
			path = Helpers;
			sourceTree = "<group>";
		};
		81A0B85D28F2836D006E831D /* Landmarks */ = {
			isa = PBXGroup;
			children = (
				81EBF8C928F2087900282402 /* LandmarkRow.swift */,
				81EBF8CB28F26D2700282402 /* LandmarkList.swift */,
				81EBF8CD28F26E4200282402 /* LandmarkDetail.swift */,
			);
			path = Landmarks;
			sourceTree = "<group>";
		};
		81A0B86828F2911C006E831D /* Badges */ = {
			isa = PBXGroup;
			children = (
				81A0B85E28F28646006E831D /* HexagonParameters.swift */,
				81A0B86028F2874D006E831D /* BadgeBackground.swift */,
				81A0B86228F28F67006E831D /* BadgeSymbol.swift */,
				81A0B86428F2900F006E831D /* RotatedBadgeSymbol.swift */,
				81A0B86628F2907C006E831D /* Badge.swift */,
			);
			path = Badges;
			sourceTree = "<group>";
		};
		81C7B89128EE659B00DA4E19 = {
			isa = PBXGroup;
			children = (
				81C7B89C28EE659B00DA4E19 /* Landmarks */,
				81C7B8AD28EE659C00DA4E19 /* LandmarksTests */,
				81C7B8B728EE659C00DA4E19 /* LandmarksUITests */,
				81C7B89B28EE659B00DA4E19 /* Products */,
			);
			sourceTree = "<group>";
		};
		81C7B89B28EE659B00DA4E19 /* Products */ = {
			isa = PBXGroup;
			children = (
				81C7B89A28EE659B00DA4E19 /* Landmarks.app */,
				81C7B8AA28EE659C00DA4E19 /* LandmarksTests.xctest */,
				81C7B8B428EE659C00DA4E19 /* LandmarksUITests.xctest */,
			);
			name = Products;
			sourceTree = "<group>";
		};
		81C7B89C28EE659B00DA4E19 /* Landmarks */ = {
			isa = PBXGroup;
			children = (
				81C7B89D28EE659B00DA4E19 /* LandmarksApp.swift */,
				81EBF8C728F2081B00282402 /* Models */,
				81EBF8C628F207FF00282402 /* Views */,
				81C7B8A128EE659C00DA4E19 /* Assets.xcassets */,
				81EBF8C828F2083600282402 /* Resources */,
				81C7B8A328EE659C00DA4E19 /* Preview Content */,
			);
			path = Landmarks;
			sourceTree = "<group>";
		};
		81C7B8A328EE659C00DA4E19 /* Preview Content */ = {
			isa = PBXGroup;
			children = (
				81C7B8A428EE659C00DA4E19 /* Preview Assets.xcassets */,
			);
			path = "Preview Content";
			sourceTree = "<group>";
		};
		81C7B8AD28EE659C00DA4E19 /* LandmarksTests */ = {
			isa = PBXGroup;
			children = (
				81C7B8AE28EE659C00DA4E19 /* LandmarksTests.swift */,
			);
			path = LandmarksTests;
			sourceTree = "<group>";
		};
		81C7B8B728EE659C00DA4E19 /* LandmarksUITests */ = {
			isa = PBXGroup;
			children = (
				81C7B8B828EE659C00DA4E19 /* LandmarksUITests.swift */,
				81C7B8BA28EE659C00DA4E19 /* LandmarksUITestsLaunchTests.swift */,
			);
			path = LandmarksUITests;
			sourceTree = "<group>";
		};
		81EBF8C628F207FF00282402 /* Views */ = {
			isa = PBXGroup;
			children = (
				81C7B89F28EE659B00DA4E19 /* ContentView.swift */,
				81A0B85C28F2835B006E831D /* Helpers */,
				81A0B85D28F2836D006E831D /* Landmarks */,
				81A0B86828F2911C006E831D /* Badges */,
			);
			path = Views;
			sourceTree = "<group>";
		};
		81EBF8C728F2081B00282402 /* Models */ = {
			isa = PBXGroup;
			children = (
				81EBF8BE28F1FE4F00282402 /* Landmark.swift */,
				81EBF8C428F201E700282402 /* ModelData.swift */,
			);
			path = Models;
			sourceTree = "<group>";
		};
		81EBF8C828F2083600282402 /* Resources */ = {
			isa = PBXGroup;
			children = (
				81EBF8BC28F1FE3300282402 /* landmarkData.json */,
			);
			path = Resources;
			sourceTree = "<group>";
		};
/* End PBXGroup section */

/* Begin PBXNativeTarget section */
		81C7B89928EE659B00DA4E19 /* Landmarks */ = {
			isa = PBXNativeTarget;
			buildConfigurationList = 81C7B8BE28EE659C00DA4E19 /* Build configuration list for PBXNativeTarget "Landmarks" */;
			buildPhases = (
				81C7B89628EE659B00DA4E19 /* Sources */,
				81C7B89728EE659B00DA4E19 /* Frameworks */,
				81C7B89828EE659B00DA4E19 /* Resources */,
			);
			buildRules = (
			);
			dependencies = (
			);
			name = Landmarks;
			productName = Landmarks;
			productReference = 81C7B89A28EE659B00DA4E19 /* Landmarks.app */;
			productType = "com.apple.product-type.application";
		};
		81C7B8A928EE659C00DA4E19 /* LandmarksTests */ = {
			isa = PBXNativeTarget;
			buildConfigurationList = 81C7B8C128EE659C00DA4E19 /* Build configuration list for PBXNativeTarget "LandmarksTests" */;
			buildPhases = (
				81C7B8A628EE659C00DA4E19 /* Sources */,
				81C7B8A728EE659C00DA4E19 /* Frameworks */,
				81C7B8A828EE659C00DA4E19 /* Resources */,
			);
			buildRules = (
			);
			dependencies = (
				81C7B8AC28EE659C00DA4E19 /* PBXTargetDependency */,
			);
			name = LandmarksTests;
			productName = LandmarksTests;
			productReference = 81C7B8AA28EE659C00DA4E19 /* LandmarksTests.xctest */;
			productType = "com.apple.product-type.bundle.unit-test";
		};
		81C7B8B328EE659C00DA4E19 /* LandmarksUITests */ = {
			isa = PBXNativeTarget;
			buildConfigurationList = 81C7B8C428EE659C00DA4E19 /* Build configuration list for PBXNativeTarget "LandmarksUITests" */;
			buildPhases = (
				81C7B8B028EE659C00DA4E19 /* Sources */,
				81C7B8B128EE659C00DA4E19 /* Frameworks */,
				81C7B8B228EE659C00DA4E19 /* Resources */,
			);
			buildRules = (
			);
			dependencies = (
				81C7B8B628EE659C00DA4E19 /* PBXTargetDependency */,
			);
			name = LandmarksUITests;
			productName = LandmarksUITests;
			productReference = 81C7B8B428EE659C00DA4E19 /* LandmarksUITests.xctest */;
			productType = "com.apple.product-type.bundle.ui-testing";
		};
/* End PBXNativeTarget section */

/* Begin PBXProject section */
		81C7B89228EE659B00DA4E19 /* Project object */ = {
			isa = PBXProject;
			attributes = {
				BuildIndependentTargetsInParallel = 1;
				LastSwiftUpdateCheck = 1340;
				LastUpgradeCheck = 1340;
				TargetAttributes = {
					81C7B89928EE659B00DA4E19 = {
						CreatedOnToolsVersion = 13.4.1;
					};
					81C7B8A928EE659C00DA4E19 = {
						CreatedOnToolsVersion = 13.4.1;
						TestTargetID = 81C7B89928EE659B00DA4E19;
					};
					81C7B8B328EE659C00DA4E19 = {
						CreatedOnToolsVersion = 13.4.1;
						TestTargetID = 81C7B89928EE659B00DA4E19;
					};
				};
			};
			buildConfigurationList = 81C7B89528EE659B00DA4E19 /* Build configuration list for PBXProject "Landmarks" */;
			compatibilityVersion = "Xcode 13.0";
			developmentRegion = en;
			hasScannedForEncodings = 0;
			knownRegions = (
				en,
				Base,
			);
			mainGroup = 81C7B89128EE659B00DA4E19;
			productRefGroup = 81C7B89B28EE659B00DA4E19 /* Products */;
			projectDirPath = "";
			projectRoot = "";
			targets = (
				81C7B89928EE659B00DA4E19 /* Landmarks */,
				81C7B8A928EE659C00DA4E19 /* LandmarksTests */,
				81C7B8B328EE659C00DA4E19 /* LandmarksUITests */,
			);
		};
/* End PBXProject section */

/* Begin PBXResourcesBuildPhase section */
		81C7B89828EE659B00DA4E19 /* Resources */ = {
			isa = PBXResourcesBuildPhase;
			buildActionMask = 2147483647;
			files = (
				81C7B8A528EE659C00DA4E19 /* Preview Assets.xcassets in Resources */,
				81C7B8A228EE659C00DA4E19 /* Assets.xcassets in Resources */,
				81EBF8BD28F1FE3300282402 /* landmarkData.json in Resources */,
			);
			runOnlyForDeploymentPostprocessing = 0;
		};
		81C7B8A828EE659C00DA4E19 /* Resources */ = {
			isa = PBXResourcesBuildPhase;
			buildActionMask = 2147483647;
			files = (
			);
			runOnlyForDeploymentPostprocessing = 0;
		};
		81C7B8B228EE659C00DA4E19 /* Resources */ = {
			isa = PBXResourcesBuildPhase;
			buildActionMask = 2147483647;
			files = (
			);
			runOnlyForDeploymentPostprocessing = 0;
		};
/* End PBXResourcesBuildPhase section */

/* Begin PBXSourcesBuildPhase section */
		81C7B89628EE659B00DA4E19 /* Sources */ = {
			isa = PBXSourcesBuildPhase;
			buildActionMask = 2147483647;
			files = (
				81C7B8A028EE659B00DA4E19 /* ContentView.swift in Sources */,
				81A0B86728F2907C006E831D /* Badge.swift in Sources */,
				81C7B8CA28F1F6E300DA4E19 /* MapView.swift in Sources */,
				81C7B89E28EE659B00DA4E19 /* LandmarksApp.swift in Sources */,
				81A0B85B28F28261006E831D /* FavoriteButton.swift in Sources */,
				81A0B85F28F28646006E831D /* HexagonParameters.swift in Sources */,
				81A0B86528F2900F006E831D /* RotatedBadgeSymbol.swift in Sources */,
				81A0B86328F28F67006E831D /* BadgeSymbol.swift in Sources */,
				81EBF8CC28F26D2700282402 /* LandmarkList.swift in Sources */,
				81EBF8CE28F26E4200282402 /* LandmarkDetail.swift in Sources */,
				81A0B86128F2874D006E831D /* BadgeBackground.swift in Sources */,
				81C7B8C828F1F57500DA4E19 /* CircleImage.swift in Sources */,
				81EBF8BF28F1FE4F00282402 /* Landmark.swift in Sources */,
				81EBF8CA28F2087900282402 /* LandmarkRow.swift in Sources */,
				81EBF8C528F201E700282402 /* ModelData.swift in Sources */,
			);
			runOnlyForDeploymentPostprocessing = 0;
		};
		81C7B8A628EE659C00DA4E19 /* Sources */ = {
			isa = PBXSourcesBuildPhase;
			buildActionMask = 2147483647;
			files = (
				81C7B8AF28EE659C00DA4E19 /* LandmarksTests.swift in Sources */,
			);
			runOnlyForDeploymentPostprocessing = 0;
		};
		81C7B8B028EE659C00DA4E19 /* Sources */ = {
			isa = PBXSourcesBuildPhase;
			buildActionMask = 2147483647;
			files = (
				81C7B8BB28EE659C00DA4E19 /* LandmarksUITestsLaunchTests.swift in Sources */,
				81C7B8B928EE659C00DA4E19 /* LandmarksUITests.swift in Sources */,
			);
			runOnlyForDeploymentPostprocessing = 0;
		};
/* End PBXSourcesBuildPhase section */

/* Begin PBXTargetDependency section */
		81C7B8AC28EE659C00DA4E19 /* PBXTargetDependency */ = {
			isa = PBXTargetDependency;
			target = 81C7B89928EE659B00DA4E19 /* Landmarks */;
			targetProxy = 81C7B8AB28EE659C00DA4E19 /* PBXContainerItemProxy */;
		};
		81C7B8B628EE659C00DA4E19 /* PBXTargetDependency */ = {
			isa = PBXTargetDependency;
			target = 81C7B89928EE659B00DA4E19 /* Landmarks */;
			targetProxy = 81C7B8B528EE659C00DA4E19 /* PBXContainerItemProxy */;
		};
/* End PBXTargetDependency section */

/* Begin XCBuildConfiguration section */
		81C7B8BC28EE659C00DA4E19 /* Debug */ = {
			isa = XCBuildConfiguration;
			buildSettings = {
				ALWAYS_SEARCH_USER_PATHS = NO;
				CLANG_ANALYZER_NONNULL = YES;
				CLANG_ANALYZER_NUMBER_OBJECT_CONVERSION = YES_AGGRESSIVE;
				CLANG_CXX_LANGUAGE_STANDARD = "gnu++17";
				CLANG_ENABLE_MODULES = YES;
				CLANG_ENABLE_OBJC_ARC = YES;
				CLANG_ENABLE_OBJC_WEAK = YES;
				CLANG_WARN_BLOCK_CAPTURE_AUTORELEASING = YES;
				CLANG_WARN_BOOL_CONVERSION = YES;
				CLANG_WARN_COMMA = YES;
				CLANG_WARN_CONSTANT_CONVERSION = YES;
				CLANG_WARN_DEPRECATED_OBJC_IMPLEMENTATIONS = YES;
				CLANG_WARN_DIRECT_OBJC_ISA_USAGE = YES_ERROR;
				CLANG_WARN_DOCUMENTATION_COMMENTS = YES;
				CLANG_WARN_EMPTY_BODY = YES;
				CLANG_WARN_ENUM_CONVERSION = YES;
				CLANG_WARN_INFINITE_RECURSION = YES;
				CLANG_WARN_INT_CONVERSION = YES;
				CLANG_WARN_NON_LITERAL_NULL_CONVERSION = YES;
				CLANG_WARN_OBJC_IMPLICIT_RETAIN_SELF = YES;
				CLANG_WARN_OBJC_LITERAL_CONVERSION = YES;
				CLANG_WARN_OBJC_ROOT_CLASS = YES_ERROR;
				CLANG_WARN_QUOTED_INCLUDE_IN_FRAMEWORK_HEADER = YES;
				CLANG_WARN_RANGE_LOOP_ANALYSIS = YES;
				CLANG_WARN_STRICT_PROTOTYPES = YES;
				CLANG_WARN_SUSPICIOUS_MOVE = YES;
				CLANG_WARN_UNGUARDED_AVAILABILITY = YES_AGGRESSIVE;
				CLANG_WARN_UNREACHABLE_CODE = YES;
				CLANG_WARN__DUPLICATE_METHOD_MATCH = YES;
				COPY_PHASE_STRIP = NO;
				DEBUG_INFORMATION_FORMAT = dwarf;
				ENABLE_STRICT_OBJC_MSGSEND = YES;
				ENABLE_TESTABILITY = YES;
				GCC_C_LANGUAGE_STANDARD = gnu11;
				GCC_DYNAMIC_NO_PIC = NO;
				GCC_NO_COMMON_BLOCKS = YES;
				GCC_OPTIMIZATION_LEVEL = 0;
				GCC_PREPROCESSOR_DEFINITIONS = (
					"DEBUG=1",
					"$(inherited)",
				);
				GCC_WARN_64_TO_32_BIT_CONVERSION = YES;
				GCC_WARN_ABOUT_RETURN_TYPE = YES_ERROR;
				GCC_WARN_UNDECLARED_SELECTOR = YES;
				GCC_WARN_UNINITIALIZED_AUTOS = YES_AGGRESSIVE;
				GCC_WARN_UNUSED_FUNCTION = YES;
				GCC_WARN_UNUSED_VARIABLE = YES;
				IPHONEOS_DEPLOYMENT_TARGET = 15.5;
				MTL_ENABLE_DEBUG_INFO = INCLUDE_SOURCE;
				MTL_FAST_MATH = YES;
				ONLY_ACTIVE_ARCH = YES;
				SDKROOT = iphoneos;
				SWIFT_ACTIVE_COMPILATION_CONDITIONS = DEBUG;
				SWIFT_OPTIMIZATION_LEVEL = "-Onone";
			};
			name = Debug;
		};
		81C7B8BD28EE659C00DA4E19 /* Release */ = {
			isa = XCBuildConfiguration;
			buildSettings = {
				ALWAYS_SEARCH_USER_PATHS = NO;
				CLANG_ANALYZER_NONNULL = YES;
				CLANG_ANALYZER_NUMBER_OBJECT_CONVERSION = YES_AGGRESSIVE;
				CLANG_CXX_LANGUAGE_STANDARD = "gnu++17";
				CLANG_ENABLE_MODULES = YES;
				CLANG_ENABLE_OBJC_ARC = YES;
				CLANG_ENABLE_OBJC_WEAK = YES;
				CLANG_WARN_BLOCK_CAPTURE_AUTORELEASING = YES;
				CLANG_WARN_BOOL_CONVERSION = YES;
				CLANG_WARN_COMMA = YES;
				CLANG_WARN_CONSTANT_CONVERSION = YES;
				CLANG_WARN_DEPRECATED_OBJC_IMPLEMENTATIONS = YES;
				CLANG_WARN_DIRECT_OBJC_ISA_USAGE = YES_ERROR;
				CLANG_WARN_DOCUMENTATION_COMMENTS = YES;
				CLANG_WARN_EMPTY_BODY = YES;
				CLANG_WARN_ENUM_CONVERSION = YES;
				CLANG_WARN_INFINITE_RECURSION = YES;
				CLANG_WARN_INT_CONVERSION = YES;
				CLANG_WARN_NON_LITERAL_NULL_CONVERSION = YES;
				CLANG_WARN_OBJC_IMPLICIT_RETAIN_SELF = YES;
				CLANG_WARN_OBJC_LITERAL_CONVERSION = YES;
				CLANG_WARN_OBJC_ROOT_CLASS = YES_ERROR;
				CLANG_WARN_QUOTED_INCLUDE_IN_FRAMEWORK_HEADER = YES;
				CLANG_WARN_RANGE_LOOP_ANALYSIS = YES;
				CLANG_WARN_STRICT_PROTOTYPES = YES;
				CLANG_WARN_SUSPICIOUS_MOVE = YES;
				CLANG_WARN_UNGUARDED_AVAILABILITY = YES_AGGRESSIVE;
				CLANG_WARN_UNREACHABLE_CODE = YES;
				CLANG_WARN__DUPLICATE_METHOD_MATCH = YES;
				COPY_PHASE_STRIP = NO;
				DEBUG_INFORMATION_FORMAT = "dwarf-with-dsym";
				ENABLE_NS_ASSERTIONS = NO;
				ENABLE_STRICT_OBJC_MSGSEND = YES;
				GCC_C_LANGUAGE_STANDARD = gnu11;
				GCC_NO_COMMON_BLOCKS = YES;
				GCC_WARN_64_TO_32_BIT_CONVERSION = YES;
				GCC_WARN_ABOUT_RETURN_TYPE = YES_ERROR;
				GCC_WARN_UNDECLARED_SELECTOR = YES;
				GCC_WARN_UNINITIALIZED_AUTOS = YES_AGGRESSIVE;
				GCC_WARN_UNUSED_FUNCTION = YES;
				GCC_WARN_UNUSED_VARIABLE = YES;
				IPHONEOS_DEPLOYMENT_TARGET = 15.5;
				MTL_ENABLE_DEBUG_INFO = NO;
				MTL_FAST_MATH = YES;
				SDKROOT = iphoneos;
				SWIFT_COMPILATION_MODE = wholemodule;
				SWIFT_OPTIMIZATION_LEVEL = "-O";
				VALIDATE_PRODUCT = YES;
			};
			name = Release;
		};
		81C7B8BF28EE659C00DA4E19 /* Debug */ = {
			isa = XCBuildConfiguration;
			buildSettings = {
				ASSETCATALOG_COMPILER_APPICON_NAME = AppIcon;
				ASSETCATALOG_COMPILER_GLOBAL_ACCENT_COLOR_NAME = AccentColor;
				CODE_SIGN_STYLE = Automatic;
				CURRENT_PROJECT_VERSION = 1;
				DEVELOPMENT_ASSET_PATHS = "\"Landmarks/Preview Content\"";
				DEVELOPMENT_TEAM = HWW2DBS6MY;
				ENABLE_PREVIEWS = YES;
				GENERATE_INFOPLIST_FILE = YES;
				INFOPLIST_KEY_UIApplicationSceneManifest_Generation = YES;
				INFOPLIST_KEY_UIApplicationSupportsIndirectInputEvents = YES;
				INFOPLIST_KEY_UILaunchScreen_Generation = YES;
				INFOPLIST_KEY_UISupportedInterfaceOrientations_iPad = "UIInterfaceOrientationPortrait UIInterfaceOrientationPortraitUpsideDown UIInterfaceOrientationLandscapeLeft UIInterfaceOrientationLandscapeRight";
				INFOPLIST_KEY_UISupportedInterfaceOrientations_iPhone = "UIInterfaceOrientationPortrait UIInterfaceOrientationLandscapeLeft UIInterfaceOrientationLandscapeRight";
				LD_RUNPATH_SEARCH_PATHS = (
					"$(inherited)",
					"@executable_path/Frameworks",
				);
				MARKETING_VERSION = 1.0;
				PRODUCT_BUNDLE_IDENTIFIER = com.vinicius.Landmarks;
				PRODUCT_NAME = "$(TARGET_NAME)";
				SWIFT_EMIT_LOC_STRINGS = YES;
				SWIFT_VERSION = 5.0;
				TARGETED_DEVICE_FAMILY = "1,2";
			};
			name = Debug;
		};
		81C7B8C028EE659C00DA4E19 /* Release */ = {
			isa = XCBuildConfiguration;
			buildSettings = {
				ASSETCATALOG_COMPILER_APPICON_NAME = AppIcon;
				ASSETCATALOG_COMPILER_GLOBAL_ACCENT_COLOR_NAME = AccentColor;
				CODE_SIGN_STYLE = Automatic;
				CURRENT_PROJECT_VERSION = 1;
				DEVELOPMENT_ASSET_PATHS = "\"Landmarks/Preview Content\"";
				DEVELOPMENT_TEAM = HWW2DBS6MY;
				ENABLE_PREVIEWS = YES;
				GENERATE_INFOPLIST_FILE = YES;
				INFOPLIST_KEY_UIApplicationSceneManifest_Generation = YES;
				INFOPLIST_KEY_UIApplicationSupportsIndirectInputEvents = YES;
				INFOPLIST_KEY_UILaunchScreen_Generation = YES;
				INFOPLIST_KEY_UISupportedInterfaceOrientations_iPad = "UIInterfaceOrientationPortrait UIInterfaceOrientationPortraitUpsideDown UIInterfaceOrientationLandscapeLeft UIInterfaceOrientationLandscapeRight";
				INFOPLIST_KEY_UISupportedInterfaceOrientations_iPhone = "UIInterfaceOrientationPortrait UIInterfaceOrientationLandscapeLeft UIInterfaceOrientationLandscapeRight";
				LD_RUNPATH_SEARCH_PATHS = (
					"$(inherited)",
					"@executable_path/Frameworks",
				);
				MARKETING_VERSION = 1.0;
				PRODUCT_BUNDLE_IDENTIFIER = com.vinicius.Landmarks;
				PRODUCT_NAME = "$(TARGET_NAME)";
				SWIFT_EMIT_LOC_STRINGS = YES;
				SWIFT_VERSION = 5.0;
				TARGETED_DEVICE_FAMILY = "1,2";
			};
			name = Release;
		};
		81C7B8C228EE659C00DA4E19 /* Debug */ = {
			isa = XCBuildConfiguration;
			buildSettings = {
				ALWAYS_EMBED_SWIFT_STANDARD_LIBRARIES = YES;
				BUNDLE_LOADER = "$(TEST_HOST)";
				CODE_SIGN_STYLE = Automatic;
				CURRENT_PROJECT_VERSION = 1;
				DEVELOPMENT_TEAM = HWW2DBS6MY;
				GENERATE_INFOPLIST_FILE = YES;
				IPHONEOS_DEPLOYMENT_TARGET = 15.5;
				MARKETING_VERSION = 1.0;
				PRODUCT_BUNDLE_IDENTIFIER = com.vinicius.LandmarksTests;
				PRODUCT_NAME = "$(TARGET_NAME)";
				SWIFT_EMIT_LOC_STRINGS = NO;
				SWIFT_VERSION = 5.0;
				TARGETED_DEVICE_FAMILY = "1,2";
				TEST_HOST = "$(BUILT_PRODUCTS_DIR)/Landmarks.app/Landmarks";
			};
			name = Debug;
		};
		81C7B8C328EE659C00DA4E19 /* Release */ = {
			isa = XCBuildConfiguration;
			buildSettings = {
				ALWAYS_EMBED_SWIFT_STANDARD_LIBRARIES = YES;
				BUNDLE_LOADER = "$(TEST_HOST)";
				CODE_SIGN_STYLE = Automatic;
				CURRENT_PROJECT_VERSION = 1;
				DEVELOPMENT_TEAM = HWW2DBS6MY;
				GENERATE_INFOPLIST_FILE = YES;
				IPHONEOS_DEPLOYMENT_TARGET = 15.5;
				MARKETING_VERSION = 1.0;
				PRODUCT_BUNDLE_IDENTIFIER = com.vinicius.LandmarksTests;
				PRODUCT_NAME = "$(TARGET_NAME)";
				SWIFT_EMIT_LOC_STRINGS = NO;
				SWIFT_VERSION = 5.0;
				TARGETED_DEVICE_FAMILY = "1,2";
				TEST_HOST = "$(BUILT_PRODUCTS_DIR)/Landmarks.app/Landmarks";
			};
			name = Release;
		};
		81C7B8C528EE659C00DA4E19 /* Debug */ = {
			isa = XCBuildConfiguration;
			buildSettings = {
				ALWAYS_EMBED_SWIFT_STANDARD_LIBRARIES = YES;
				CODE_SIGN_STYLE = Automatic;
				CURRENT_PROJECT_VERSION = 1;
				DEVELOPMENT_TEAM = HWW2DBS6MY;
				GENERATE_INFOPLIST_FILE = YES;
				MARKETING_VERSION = 1.0;
				PRODUCT_BUNDLE_IDENTIFIER = com.vinicius.LandmarksUITests;
				PRODUCT_NAME = "$(TARGET_NAME)";
				SWIFT_EMIT_LOC_STRINGS = NO;
				SWIFT_VERSION = 5.0;
				TARGETED_DEVICE_FAMILY = "1,2";
				TEST_TARGET_NAME = Landmarks;
			};
			name = Debug;
		};
		81C7B8C628EE659C00DA4E19 /* Release */ = {
			isa = XCBuildConfiguration;
			buildSettings = {
				ALWAYS_EMBED_SWIFT_STANDARD_LIBRARIES = YES;
				CODE_SIGN_STYLE = Automatic;
				CURRENT_PROJECT_VERSION = 1;
				DEVELOPMENT_TEAM = HWW2DBS6MY;
				GENERATE_INFOPLIST_FILE = YES;
				MARKETING_VERSION = 1.0;
				PRODUCT_BUNDLE_IDENTIFIER = com.vinicius.LandmarksUITests;
				PRODUCT_NAME = "$(TARGET_NAME)";
				SWIFT_EMIT_LOC_STRINGS = NO;
				SWIFT_VERSION = 5.0;
				TARGETED_DEVICE_FAMILY = "1,2";
				TEST_TARGET_NAME = Landmarks;
			};
			name = Release;
		};
/* End XCBuildConfiguration section */

/* Begin XCConfigurationList section */
		81C7B89528EE659B00DA4E19 /* Build configuration list for PBXProject "Landmarks" */ = {
			isa = XCConfigurationList;
			buildConfigurations = (
				81C7B8BC28EE659C00DA4E19 /* Debug */,
				81C7B8BD28EE659C00DA4E19 /* Release */,
			);
			defaultConfigurationIsVisible = 0;
			defaultConfigurationName = Release;
		};
		81C7B8BE28EE659C00DA4E19 /* Build configuration list for PBXNativeTarget "Landmarks" */ = {
			isa = XCConfigurationList;
			buildConfigurations = (
				81C7B8BF28EE659C00DA4E19 /* Debug */,
				81C7B8C028EE659C00DA4E19 /* Release */,
			);
			defaultConfigurationIsVisible = 0;
			defaultConfigurationName = Release;
		};
		81C7B8C128EE659C00DA4E19 /* Build configuration list for PBXNativeTarget "LandmarksTests" */ = {
			isa = XCConfigurationList;
			buildConfigurations = (
				81C7B8C228EE659C00DA4E19 /* Debug */,
				81C7B8C328EE659C00DA4E19 /* Release */,
			);
			defaultConfigurationIsVisible = 0;
			defaultConfigurationName = Release;
		};
		81C7B8C428EE659C00DA4E19 /* Build configuration list for PBXNativeTarget "LandmarksUITests" */ = {
			isa = XCConfigurationList;
			buildConfigurations = (
				81C7B8C528EE659C00DA4E19 /* Debug */,
				81C7B8C628EE659C00DA4E19 /* Release */,
			);
			defaultConfigurationIsVisible = 0;
			defaultConfigurationName = Release;
		};
/* End XCConfigurationList section */
	};
	rootObject = 81C7B89228EE659B00DA4E19 /* Project object */;
}
